// !$*UTF8*$!
{
	archiveVersion = 1;
	classes = {
	};
	objectVersion = 56;
	objects = {

/* Begin PBXBuildFile section */
		1D3845D229BE004900EEB603 /* AppDelegate.swift in Sources */ = {isa = PBXBuildFile; fileRef = 1D3845D129BE004900EEB603 /* AppDelegate.swift */; };
		1D3845D629BE004900EEB603 /* ViewController.swift in Sources */ = {isa = PBXBuildFile; fileRef = 1D3845D529BE004900EEB603 /* ViewController.swift */; };
		1D3845D929BE004900EEB603 /* ViewController.storyboard in Resources */ = {isa = PBXBuildFile; fileRef = 1D3845D729BE004900EEB603 /* ViewController.storyboard */; };
		1D3845DB29BE004A00EEB603 /* Assets.xcassets in Resources */ = {isa = PBXBuildFile; fileRef = 1D3845DA29BE004A00EEB603 /* Assets.xcassets */; };
		1D3845DE29BE004A00EEB603 /* LaunchScreen.storyboard in Resources */ = {isa = PBXBuildFile; fileRef = 1D3845DC29BE004A00EEB603 /* LaunchScreen.storyboard */; };
		1D3845E829BE04A100EEB603 /* HogeViewController.swift in Sources */ = {isa = PBXBuildFile; fileRef = 1D3845E629BE04A100EEB603 /* HogeViewController.swift */; };
		1D3845E929BE04A100EEB603 /* HogeViewController.storyboard in Resources */ = {isa = PBXBuildFile; fileRef = 1D3845E729BE04A100EEB603 /* HogeViewController.storyboard */; };
		1D3845EB29BE859100EEB603 /* FooViewController.swift in Sources */ = {isa = PBXBuildFile; fileRef = 1D3845EA29BE859100EEB603 /* FooViewController.swift */; };
		1D3845ED29BE85AA00EEB603 /* FooViewController.storyboard in Resources */ = {isa = PBXBuildFile; fileRef = 1D3845EC29BE85AA00EEB603 /* FooViewController.storyboard */; };
		1D3845F029BE870E00EEB603 /* SwiftUIView.swift in Sources */ = {isa = PBXBuildFile; fileRef = 1D3845EF29BE870E00EEB603 /* SwiftUIView.swift */; };
		1D4CA54929BF0F8400EA11E9 /* SwiftUIViewController.swift in Sources */ = {isa = PBXBuildFile; fileRef = 1D4CA54829BF0F8400EA11E9 /* SwiftUIViewController.swift */; };
		1D4CA54B29BF0F8E00EA11E9 /* SwiftUIViewController.storyboard in Resources */ = {isa = PBXBuildFile; fileRef = 1D4CA54A29BF0F8E00EA11E9 /* SwiftUIViewController.storyboard */; };
		1DB997EC29BF17CB007DC7A8 /* UIHostingControllerExtension.swift in Sources */ = {isa = PBXBuildFile; fileRef = 1DB997EB29BF17CB007DC7A8 /* UIHostingControllerExtension.swift */; };
		4C86340229C1D10B00ACE32D /* Main.storyboard in Resources */ = {isa = PBXBuildFile; fileRef = 4C86340029C1D10B00ACE32D /* Main.storyboard */; };
		4C86340529C1D16100ACE32D /* MainViewController.swift in Sources */ = {isa = PBXBuildFile; fileRef = 4C86340429C1D16100ACE32D /* MainViewController.swift */; };
/* End PBXBuildFile section */

/* Begin PBXFileReference section */
		1D3845CE29BE004900EEB603 /* SafeAreaInsetsDemo.app */ = {isa = PBXFileReference; explicitFileType = wrapper.application; includeInIndex = 0; path = SafeAreaInsetsDemo.app; sourceTree = BUILT_PRODUCTS_DIR; };
		1D3845D129BE004900EEB603 /* AppDelegate.swift */ = {isa = PBXFileReference; lastKnownFileType = sourcecode.swift; path = AppDelegate.swift; sourceTree = "<group>"; };
		1D3845D529BE004900EEB603 /* ViewController.swift */ = {isa = PBXFileReference; lastKnownFileType = sourcecode.swift; path = ViewController.swift; sourceTree = "<group>"; };
		1D3845D829BE004900EEB603 /* Base */ = {isa = PBXFileReference; lastKnownFileType = file.storyboard; name = Base; path = Base.lproj/ViewController.storyboard; sourceTree = "<group>"; };
		1D3845DA29BE004A00EEB603 /* Assets.xcassets */ = {isa = PBXFileReference; lastKnownFileType = folder.assetcatalog; path = Assets.xcassets; sourceTree = "<group>"; };
		1D3845DD29BE004A00EEB603 /* Base */ = {isa = PBXFileReference; lastKnownFileType = file.storyboard; name = Base; path = Base.lproj/LaunchScreen.storyboard; sourceTree = "<group>"; };
		1D3845DF29BE004A00EEB603 /* Info.plist */ = {isa = PBXFileReference; lastKnownFileType = text.plist.xml; path = Info.plist; sourceTree = "<group>"; };
		1D3845E629BE04A100EEB603 /* HogeViewController.swift */ = {isa = PBXFileReference; fileEncoding = 4; lastKnownFileType = sourcecode.swift; path = HogeViewController.swift; sourceTree = "<group>"; };
		1D3845E729BE04A100EEB603 /* HogeViewController.storyboard */ = {isa = PBXFileReference; fileEncoding = 4; lastKnownFileType = file.storyboard; path = HogeViewController.storyboard; sourceTree = "<group>"; };
		1D3845EA29BE859100EEB603 /* FooViewController.swift */ = {isa = PBXFileReference; fileEncoding = 4; lastKnownFileType = sourcecode.swift; path = FooViewController.swift; sourceTree = "<group>"; };
		1D3845EC29BE85AA00EEB603 /* FooViewController.storyboard */ = {isa = PBXFileReference; fileEncoding = 4; lastKnownFileType = file.storyboard; path = FooViewController.storyboard; sourceTree = "<group>"; };
		1D3845EF29BE870E00EEB603 /* SwiftUIView.swift */ = {isa = PBXFileReference; lastKnownFileType = sourcecode.swift; path = SwiftUIView.swift; sourceTree = "<group>"; };
		1D4CA54829BF0F8400EA11E9 /* SwiftUIViewController.swift */ = {isa = PBXFileReference; fileEncoding = 4; lastKnownFileType = sourcecode.swift; path = SwiftUIViewController.swift; sourceTree = "<group>"; };
		1D4CA54A29BF0F8E00EA11E9 /* SwiftUIViewController.storyboard */ = {isa = PBXFileReference; fileEncoding = 4; lastKnownFileType = file.storyboard; path = SwiftUIViewController.storyboard; sourceTree = "<group>"; };
		1DB997EB29BF17CB007DC7A8 /* UIHostingControllerExtension.swift */ = {isa = PBXFileReference; lastKnownFileType = sourcecode.swift; path = UIHostingControllerExtension.swift; sourceTree = "<group>"; };
		4C86340129C1D10B00ACE32D /* Base */ = {isa = PBXFileReference; lastKnownFileType = file.storyboard; name = Base; path = SafeAreaInsetsDemo/Base.lproj/Main.storyboard; sourceTree = "<group>"; };
		4C86340429C1D16100ACE32D /* MainViewController.swift */ = {isa = PBXFileReference; fileEncoding = 4; lastKnownFileType = sourcecode.swift; path = MainViewController.swift; sourceTree = "<group>"; };
/* End PBXFileReference section */

/* Begin PBXFrameworksBuildPhase section */
		1D3845CB29BE004900EEB603 /* Frameworks */ = {
			isa = PBXFrameworksBuildPhase;
			buildActionMask = 2147483647;
			files = (
			);
			runOnlyForDeploymentPostprocessing = 0;
		};
/* End PBXFrameworksBuildPhase section */

/* Begin PBXGroup section */
		1D3845C529BE004900EEB603 = {
			isa = PBXGroup;
			children = (
				1D3845D029BE004900EEB603 /* SafeAreaInsetsDemo */,
				1D3845CF29BE004900EEB603 /* Products */,
			);
			sourceTree = "<group>";
		};
		1D3845CF29BE004900EEB603 /* Products */ = {
			isa = PBXGroup;
			children = (
				1D3845CE29BE004900EEB603 /* SafeAreaInsetsDemo.app */,
			);
			name = Products;
			sourceTree = "<group>";
		};
		1D3845D029BE004900EEB603 /* SafeAreaInsetsDemo */ = {
			isa = PBXGroup;
			children = (
				4C86340329C1D11800ACE32D /* ViewControllers */,
				1D3845D129BE004900EEB603 /* AppDelegate.swift */,
				4C86340429C1D16100ACE32D /* MainViewController.swift */,
				4C86340029C1D10B00ACE32D /* Main.storyboard */,
				1D3845DA29BE004A00EEB603 /* Assets.xcassets */,
				1D3845DC29BE004A00EEB603 /* LaunchScreen.storyboard */,
				1D3845DF29BE004A00EEB603 /* Info.plist */,
			);
			path = SafeAreaInsetsDemo;
			sourceTree = "<group>";
		};
		1D3845E529BE04A100EEB603 /* ChildViewController */ = {
			isa = PBXGroup;
			children = (
				1D3845EE29BE86FB00EEB603 /* ViewControllerIncludingSwiftUI */,
				1D3845E629BE04A100EEB603 /* HogeViewController.swift */,
				1D3845E729BE04A100EEB603 /* HogeViewController.storyboard */,
			);
			path = ChildViewController;
			sourceTree = "<group>";
		};
		1D3845EE29BE86FB00EEB603 /* ViewControllerIncludingSwiftUI */ = {
			isa = PBXGroup;
			children = (
				1D4CA54829BF0F8400EA11E9 /* SwiftUIViewController.swift */,
				1D4CA54A29BF0F8E00EA11E9 /* SwiftUIViewController.storyboard */,
				1D3845EF29BE870E00EEB603 /* SwiftUIView.swift */,
				1DB997EB29BF17CB007DC7A8 /* UIHostingControllerExtension.swift */,
			);
			path = ViewControllerIncludingSwiftUI;
			sourceTree = "<group>";
		};
		4C7570EF29C1C64A00B043A2 /* PushedViewController */ = {
			isa = PBXGroup;
			children = (
				1D3845EA29BE859100EEB603 /* FooViewController.swift */,
				1D3845EC29BE85AA00EEB603 /* FooViewController.storyboard */,
			);
			path = PushedViewController;
			sourceTree = "<group>";
		};
		4C86340329C1D11800ACE32D /* ViewControllers */ = {
			isa = PBXGroup;
			children = (
				1D3845D529BE004900EEB603 /* ViewController.swift */,
				1D3845D729BE004900EEB603 /* ViewController.storyboard */,
				4C7570EF29C1C64A00B043A2 /* PushedViewController */,
				1D3845E529BE04A100EEB603 /* ChildViewController */,
			);
			path = ViewControllers;
			sourceTree = "<group>";
		};
/* End PBXGroup section */

/* Begin PBXNativeTarget section */
		1D3845CD29BE004900EEB603 /* SafeAreaInsetsDemo */ = {
			isa = PBXNativeTarget;
			buildConfigurationList = 1D3845E229BE004A00EEB603 /* Build configuration list for PBXNativeTarget "SafeAreaInsetsDemo" */;
			buildPhases = (
				1D3845CA29BE004900EEB603 /* Sources */,
				1D3845CB29BE004900EEB603 /* Frameworks */,
				1D3845CC29BE004900EEB603 /* Resources */,
			);
			buildRules = (
			);
			dependencies = (
			);
			name = SafeAreaInsetsDemo;
			productName = SafeAreaInsetsDemo;
			productReference = 1D3845CE29BE004900EEB603 /* SafeAreaInsetsDemo.app */;
			productType = "com.apple.product-type.application";
		};
/* End PBXNativeTarget section */

/* Begin PBXProject section */
		1D3845C629BE004900EEB603 /* Project object */ = {
			isa = PBXProject;
			attributes = {
				BuildIndependentTargetsInParallel = 1;
				LastSwiftUpdateCheck = 1410;
				LastUpgradeCheck = 1410;
				TargetAttributes = {
					1D3845CD29BE004900EEB603 = {
						CreatedOnToolsVersion = 14.1;
					};
				};
			};
			buildConfigurationList = 1D3845C929BE004900EEB603 /* Build configuration list for PBXProject "SafeAreaInsetsDemo" */;
			compatibilityVersion = "Xcode 14.0";
			developmentRegion = en;
			hasScannedForEncodings = 0;
			knownRegions = (
				en,
				Base,
			);
			mainGroup = 1D3845C529BE004900EEB603;
			productRefGroup = 1D3845CF29BE004900EEB603 /* Products */;
			projectDirPath = "";
			projectRoot = "";
			targets = (
				1D3845CD29BE004900EEB603 /* SafeAreaInsetsDemo */,
			);
		};
/* End PBXProject section */

/* Begin PBXResourcesBuildPhase section */
		1D3845CC29BE004900EEB603 /* Resources */ = {
			isa = PBXResourcesBuildPhase;
			buildActionMask = 2147483647;
			files = (
				4C86340229C1D10B00ACE32D /* Main.storyboard in Resources */,
				1D4CA54B29BF0F8E00EA11E9 /* SwiftUIViewController.storyboard in Resources */,
				1D3845DE29BE004A00EEB603 /* LaunchScreen.storyboard in Resources */,
				1D3845ED29BE85AA00EEB603 /* FooViewController.storyboard in Resources */,
				1D3845DB29BE004A00EEB603 /* Assets.xcassets in Resources */,
				1D3845E929BE04A100EEB603 /* HogeViewController.storyboard in Resources */,
				1D3845D929BE004900EEB603 /* ViewController.storyboard in Resources */,
			);
			runOnlyForDeploymentPostprocessing = 0;
		};
/* End PBXResourcesBuildPhase section */

/* Begin PBXSourcesBuildPhase section */
		1D3845CA29BE004900EEB603 /* Sources */ = {
			isa = PBXSourcesBuildPhase;
			buildActionMask = 2147483647;
			files = (
				1D4CA54929BF0F8400EA11E9 /* SwiftUIViewController.swift in Sources */,
				1D3845E829BE04A100EEB603 /* HogeViewController.swift in Sources */,
				1DB997EC29BF17CB007DC7A8 /* UIHostingControllerExtension.swift in Sources */,
				1D3845F029BE870E00EEB603 /* SwiftUIView.swift in Sources */,
				1D3845EB29BE859100EEB603 /* FooViewController.swift in Sources */,
				1D3845D629BE004900EEB603 /* ViewController.swift in Sources */,
				1D3845D229BE004900EEB603 /* AppDelegate.swift in Sources */,
				4C86340529C1D16100ACE32D /* MainViewController.swift in Sources */,
			);
			runOnlyForDeploymentPostprocessing = 0;
		};
/* End PBXSourcesBuildPhase section */

/* Begin PBXVariantGroup section */
		1D3845D729BE004900EEB603 /* ViewController.storyboard */ = {
			isa = PBXVariantGroup;
			children = (
				1D3845D829BE004900EEB603 /* Base */,
			);
			name = ViewController.storyboard;
			sourceTree = "<group>";
		};
		1D3845DC29BE004A00EEB603 /* LaunchScreen.storyboard */ = {
			isa = PBXVariantGroup;
			children = (
				1D3845DD29BE004A00EEB603 /* Base */,
			);
			name = LaunchScreen.storyboard;
			sourceTree = "<group>";
		};
		4C86340029C1D10B00ACE32D /* Main.storyboard */ = {
			isa = PBXVariantGroup;
			children = (
				4C86340129C1D10B00ACE32D /* Base */,
			);
			name = Main.storyboard;
			sourceTree = "<group>";
		};
/* End PBXVariantGroup section */

/* Begin XCBuildConfiguration section */
		1D3845E029BE004A00EEB603 /* Debug */ = {
			isa = XCBuildConfiguration;
			buildSettings = {
				ALWAYS_SEARCH_USER_PATHS = NO;
				CLANG_ANALYZER_NONNULL = YES;
				CLANG_ANALYZER_NUMBER_OBJECT_CONVERSION = YES_AGGRESSIVE;
				CLANG_CXX_LANGUAGE_STANDARD = "gnu++20";
				CLANG_ENABLE_MODULES = YES;
				CLANG_ENABLE_OBJC_ARC = YES;
				CLANG_ENABLE_OBJC_WEAK = YES;
				CLANG_WARN_BLOCK_CAPTURE_AUTORELEASING = YES;
				CLANG_WARN_BOOL_CONVERSION = YES;
				CLANG_WARN_COMMA = YES;
				CLANG_WARN_CONSTANT_CONVERSION = YES;
				CLANG_WARN_DEPRECATED_OBJC_IMPLEMENTATIONS = YES;
				CLANG_WARN_DIRECT_OBJC_ISA_USAGE = YES_ERROR;
				CLANG_WARN_DOCUMENTATION_COMMENTS = YES;
				CLANG_WARN_EMPTY_BODY = YES;
				CLANG_WARN_ENUM_CONVERSION = YES;
				CLANG_WARN_INFINITE_RECURSION = YES;
				CLANG_WARN_INT_CONVERSION = YES;
				CLANG_WARN_NON_LITERAL_NULL_CONVERSION = YES;
				CLANG_WARN_OBJC_IMPLICIT_RETAIN_SELF = YES;
				CLANG_WARN_OBJC_LITERAL_CONVERSION = YES;
				CLANG_WARN_OBJC_ROOT_CLASS = YES_ERROR;
				CLANG_WARN_QUOTED_INCLUDE_IN_FRAMEWORK_HEADER = YES;
				CLANG_WARN_RANGE_LOOP_ANALYSIS = YES;
				CLANG_WARN_STRICT_PROTOTYPES = YES;
				CLANG_WARN_SUSPICIOUS_MOVE = YES;
				CLANG_WARN_UNGUARDED_AVAILABILITY = YES_AGGRESSIVE;
				CLANG_WARN_UNREACHABLE_CODE = YES;
				CLANG_WARN__DUPLICATE_METHOD_MATCH = YES;
				COPY_PHASE_STRIP = NO;
				DEBUG_INFORMATION_FORMAT = dwarf;
				ENABLE_STRICT_OBJC_MSGSEND = YES;
				ENABLE_TESTABILITY = YES;
				GCC_C_LANGUAGE_STANDARD = gnu11;
				GCC_DYNAMIC_NO_PIC = NO;
				GCC_NO_COMMON_BLOCKS = YES;
				GCC_OPTIMIZATION_LEVEL = 0;
				GCC_PREPROCESSOR_DEFINITIONS = (
					"DEBUG=1",
					"$(inherited)",
				);
				GCC_WARN_64_TO_32_BIT_CONVERSION = YES;
				GCC_WARN_ABOUT_RETURN_TYPE = YES_ERROR;
				GCC_WARN_UNDECLARED_SELECTOR = YES;
				GCC_WARN_UNINITIALIZED_AUTOS = YES_AGGRESSIVE;
				GCC_WARN_UNUSED_FUNCTION = YES;
				GCC_WARN_UNUSED_VARIABLE = YES;
				IPHONEOS_DEPLOYMENT_TARGET = 14.0;
				MTL_ENABLE_DEBUG_INFO = INCLUDE_SOURCE;
				MTL_FAST_MATH = YES;
				ONLY_ACTIVE_ARCH = YES;
				SDKROOT = iphoneos;
				SWIFT_ACTIVE_COMPILATION_CONDITIONS = DEBUG;
				SWIFT_OPTIMIZATION_LEVEL = "-Onone";
			};
			name = Debug;
		};
		1D3845E129BE004A00EEB603 /* Release */ = {
			isa = XCBuildConfiguration;
			buildSettings = {
				ALWAYS_SEARCH_USER_PATHS = NO;
				CLANG_ANALYZER_NONNULL = YES;
				CLANG_ANALYZER_NUMBER_OBJECT_CONVERSION = YES_AGGRESSIVE;
				CLANG_CXX_LANGUAGE_STANDARD = "gnu++20";
				CLANG_ENABLE_MODULES = YES;
				CLANG_ENABLE_OBJC_ARC = YES;
				CLANG_ENABLE_OBJC_WEAK = YES;
				CLANG_WARN_BLOCK_CAPTURE_AUTORELEASING = YES;
				CLANG_WARN_BOOL_CONVERSION = YES;
				CLANG_WARN_COMMA = YES;
				CLANG_WARN_CONSTANT_CONVERSION = YES;
				CLANG_WARN_DEPRECATED_OBJC_IMPLEMENTATIONS = YES;
				CLANG_WARN_DIRECT_OBJC_ISA_USAGE = YES_ERROR;
				CLANG_WARN_DOCUMENTATION_COMMENTS = YES;
				CLANG_WARN_EMPTY_BODY = YES;
				CLANG_WARN_ENUM_CONVERSION = YES;
				CLANG_WARN_INFINITE_RECURSION = YES;
				CLANG_WARN_INT_CONVERSION = YES;
				CLANG_WARN_NON_LITERAL_NULL_CONVERSION = YES;
				CLANG_WARN_OBJC_IMPLICIT_RETAIN_SELF = YES;
				CLANG_WARN_OBJC_LITERAL_CONVERSION = YES;
				CLANG_WARN_OBJC_ROOT_CLASS = YES_ERROR;
				CLANG_WARN_QUOTED_INCLUDE_IN_FRAMEWORK_HEADER = YES;
				CLANG_WARN_RANGE_LOOP_ANALYSIS = YES;
				CLANG_WARN_STRICT_PROTOTYPES = YES;
				CLANG_WARN_SUSPICIOUS_MOVE = YES;
				CLANG_WARN_UNGUARDED_AVAILABILITY = YES_AGGRESSIVE;
				CLANG_WARN_UNREACHABLE_CODE = YES;
				CLANG_WARN__DUPLICATE_METHOD_MATCH = YES;
				COPY_PHASE_STRIP = NO;
				DEBUG_INFORMATION_FORMAT = "dwarf-with-dsym";
				ENABLE_NS_ASSERTIONS = NO;
				ENABLE_STRICT_OBJC_MSGSEND = YES;
				GCC_C_LANGUAGE_STANDARD = gnu11;
				GCC_NO_COMMON_BLOCKS = YES;
				GCC_WARN_64_TO_32_BIT_CONVERSION = YES;
				GCC_WARN_ABOUT_RETURN_TYPE = YES_ERROR;
				GCC_WARN_UNDECLARED_SELECTOR = YES;
				GCC_WARN_UNINITIALIZED_AUTOS = YES_AGGRESSIVE;
				GCC_WARN_UNUSED_FUNCTION = YES;
				GCC_WARN_UNUSED_VARIABLE = YES;
				IPHONEOS_DEPLOYMENT_TARGET = 14.0;
				MTL_ENABLE_DEBUG_INFO = NO;
				MTL_FAST_MATH = YES;
				SDKROOT = iphoneos;
				SWIFT_COMPILATION_MODE = wholemodule;
				SWIFT_OPTIMIZATION_LEVEL = "-O";
				VALIDATE_PRODUCT = YES;
			};
			name = Release;
		};
		1D3845E329BE004A00EEB603 /* Debug */ = {
			isa = XCBuildConfiguration;
			buildSettings = {
				ASSETCATALOG_COMPILER_APPICON_NAME = AppIcon;
				ASSETCATALOG_COMPILER_GLOBAL_ACCENT_COLOR_NAME = AccentColor;
				CODE_SIGN_STYLE = Manual;
				CURRENT_PROJECT_VERSION = 1;
				DEVELOPMENT_TEAM = "";
				GENERATE_INFOPLIST_FILE = YES;
				INFOPLIST_FILE = SafeAreaInsetsDemo/Info.plist;
				INFOPLIST_KEY_UIApplicationSupportsIndirectInputEvents = YES;
				INFOPLIST_KEY_UILaunchStoryboardName = LaunchScreen;
				INFOPLIST_KEY_UIMainStoryboardFile = Main;
				INFOPLIST_KEY_UISupportedInterfaceOrientations_iPad = "UIInterfaceOrientationPortrait UIInterfaceOrientationPortraitUpsideDown UIInterfaceOrientationLandscapeLeft UIInterfaceOrientationLandscapeRight";
				INFOPLIST_KEY_UISupportedInterfaceOrientations_iPhone = "UIInterfaceOrientationPortrait UIInterfaceOrientationLandscapeLeft UIInterfaceOrientationLandscapeRight";
				IPHONEOS_DEPLOYMENT_TARGET = 14.0;
				LD_RUNPATH_SEARCH_PATHS = (
					"$(inherited)",
					"@executable_path/Frameworks",
				);
				MARKETING_VERSION = 1.0;
				PRODUCT_BUNDLE_IDENTIFIER = "-.SafeAreaInsetsDemo";
				PRODUCT_NAME = "$(TARGET_NAME)";
				PROVISIONING_PROFILE_SPECIFIER = "";
				SWIFT_EMIT_LOC_STRINGS = YES;
				SWIFT_VERSION = 5.0;
				TARGETED_DEVICE_FAMILY = "1,2";
			};
			name = Debug;
		};
		1D3845E429BE004A00EEB603 /* Release */ = {
			isa = XCBuildConfiguration;
			buildSettings = {
				ASSETCATALOG_COMPILER_APPICON_NAME = AppIcon;
				ASSETCATALOG_COMPILER_GLOBAL_ACCENT_COLOR_NAME = AccentColor;
				CODE_SIGN_STYLE = Manual;
				CURRENT_PROJECT_VERSION = 1;
				DEVELOPMENT_TEAM = "";
				GENERATE_INFOPLIST_FILE = YES;
				INFOPLIST_FILE = SafeAreaInsetsDemo/Info.plist;
				INFOPLIST_KEY_UIApplicationSupportsIndirectInputEvents = YES;
				INFOPLIST_KEY_UILaunchStoryboardName = LaunchScreen;
				INFOPLIST_KEY_UIMainStoryboardFile = Main;
				INFOPLIST_KEY_UISupportedInterfaceOrientations_iPad = "UIInterfaceOrientationPortrait UIInterfaceOrientationPortraitUpsideDown UIInterfaceOrientationLandscapeLeft UIInterfaceOrientationLandscapeRight";
				INFOPLIST_KEY_UISupportedInterfaceOrientations_iPhone = "UIInterfaceOrientationPortrait UIInterfaceOrientationLandscapeLeft UIInterfaceOrientationLandscapeRight";
				IPHONEOS_DEPLOYMENT_TARGET = 14.0;
				LD_RUNPATH_SEARCH_PATHS = (
					"$(inherited)",
					"@executable_path/Frameworks",
				);
				MARKETING_VERSION = 1.0;
				PRODUCT_BUNDLE_IDENTIFIER = "-.SafeAreaInsetsDemo";
				PRODUCT_NAME = "$(TARGET_NAME)";
				PROVISIONING_PROFILE_SPECIFIER = "";
				SWIFT_EMIT_LOC_STRINGS = YES;
				SWIFT_VERSION = 5.0;
				TARGETED_DEVICE_FAMILY = "1,2";
			};
			name = Release;
		};
/* End XCBuildConfiguration section */

/* Begin XCConfigurationList section */
		1D3845C929BE004900EEB603 /* Build configuration list for PBXProject "SafeAreaInsetsDemo" */ = {
			isa = XCConfigurationList;
			buildConfigurations = (
				1D3845E029BE004A00EEB603 /* Debug */,
				1D3845E129BE004A00EEB603 /* Release */,
			);
			defaultConfigurationIsVisible = 0;
			defaultConfigurationName = Release;
		};
		1D3845E229BE004A00EEB603 /* Build configuration list for PBXNativeTarget "SafeAreaInsetsDemo" */ = {
			isa = XCConfigurationList;
			buildConfigurations = (
				1D3845E329BE004A00EEB603 /* Debug */,
				1D3845E429BE004A00EEB603 /* Release */,
			);
			defaultConfigurationIsVisible = 0;
			defaultConfigurationName = Release;
		};
/* End XCConfigurationList section */
	};
	rootObject = 1D3845C629BE004900EEB603 /* Project object */;
}
